
Microsoft Visual Studio Solution File, Format Version 12.00
# Visual Studio Version 16
VisualStudioVersion = 16.0.30128.74
MinimumVisualStudioVersion = 10.0.40219.1
Project("{FAE04EC0-301F-11D3-BF4B-00C04F79EFBC}") = "FireMothConsole", "FireMothConsole\FireMothConsole.csproj", "{7CE462EF-B2A2-4D6D-9851-D20D73130CEB}"
EndProject
Project("{FAE04EC0-301F-11D3-BF4B-00C04F79EFBC}") = "FireMothConsole.Tests", "FireMothConsole.Tests\FireMothConsole.Tests.csproj", "{DCEF8C2F-B64A-4D46-8969-320A4E143A61}"
EndProject
Project("{FAE04EC0-301F-11D3-BF4B-00C04F79EFBC}") = "FireMothServices", "FireMothServices\FireMothServices.csproj", "{AE104B2C-0186-4415-9421-E0CA2022CE76}"
EndProject
Project("{FAE04EC0-301F-11D3-BF4B-00C04F79EFBC}") = "FireMothServices.Tests", "FireMothServices.Tests\FireMothServices.Tests.csproj", "{EA0420BD-2965-4A9A-9A3F-CB5CD2122CB8}"
EndProject
Global
	GlobalSection(SolutionConfigurationPlatforms) = preSolution
		Debug|Any CPU = Debug|Any CPU
		Release|Any CPU = Release|Any CPU
	EndGlobalSection
	GlobalSection(ProjectConfigurationPlatforms) = postSolution
		{7CE462EF-B2A2-4D6D-9851-D20D73130CEB}.Debug|Any CPU.ActiveCfg = Debug|Any CPU
		{7CE462EF-B2A2-4D6D-9851-D20D73130CEB}.Debug|Any CPU.Build.0 = Debug|Any CPU
		{7CE462EF-B2A2-4D6D-9851-D20D73130CEB}.Release|Any CPU.ActiveCfg = Release|Any CPU
		{7CE462EF-B2A2-4D6D-9851-D20D73130CEB}.Release|Any CPU.Build.0 = Release|Any CPU
		{DCEF8C2F-B64A-4D46-8969-320A4E143A61}.Debug|Any CPU.ActiveCfg = Debug|Any CPU
		{DCEF8C2F-B64A-4D46-8969-320A4E143A61}.Debug|Any CPU.Build.0 = Debug|Any CPU
		{DCEF8C2F-B64A-4D46-8969-320A4E143A61}.Release|Any CPU.ActiveCfg = Release|Any CPU
		{DCEF8C2F-B64A-4D46-8969-320A4E143A61}.Release|Any CPU.Build.0 = Release|Any CPU
		{AE104B2C-0186-4415-9421-E0CA2022CE76}.Debug|Any CPU.ActiveCfg = Debug|Any CPU
		{AE104B2C-0186-4415-9421-E0CA2022CE76}.Debug|Any CPU.Build.0 = Debug|Any CPU
		{AE104B2C-0186-4415-9421-E0CA2022CE76}.Release|Any CPU.ActiveCfg = Release|Any CPU
		{AE104B2C-0186-4415-9421-E0CA2022CE76}.Release|Any CPU.Build.0 = Release|Any CPU
		{EA0420BD-2965-4A9A-9A3F-CB5CD2122CB8}.Debug|Any CPU.ActiveCfg = Debug|Any CPU
		{EA0420BD-2965-4A9A-9A3F-CB5CD2122CB8}.Debug|Any CPU.Build.0 = Debug|Any CPU
		{EA0420BD-2965-4A9A-9A3F-CB5CD2122CB8}.Release|Any CPU.ActiveCfg = Release|Any CPU
		{EA0420BD-2965-4A9A-9A3F-CB5CD2122CB8}.Release|Any CPU.Build.0 = Release|Any CPU
	EndGlobalSection
	GlobalSection(SolutionProperties) = preSolution
		HideSolutionNode = FALSE
	EndGlobalSection
	GlobalSection(ExtensibilityGlobals) = postSolution
		SolutionGuid = {E8C143A4-3940-43DA-A0DE-B1C757892A8A}
	EndGlobalSection
EndGlobal
