
Microsoft Visual Studio Solution File, Format Version 12.00
# Visual Studio Version 17
VisualStudioVersion = 17.0.32112.339
MinimumVisualStudioVersion = 10.0.40219.1
Project("{9A19103F-16F7-4668-BE54-9A1E7A4F7556}") = "FireMoth.Console", "FireMothConsole\FireMoth.Console.csproj", "{7CE462EF-B2A2-4D6D-9851-D20D73130CEB}"
EndProject
Project("{9A19103F-16F7-4668-BE54-9A1E7A4F7556}") = "FireMoth.Console.Tests", "FireMothConsole.Tests\FireMoth.Console.Tests.csproj", "{DCEF8C2F-B64A-4D46-8969-320A4E143A61}"
EndProject
Project("{9A19103F-16F7-4668-BE54-9A1E7A4F7556}") = "FireMoth.Services", "FireMothServices\FireMoth.Services.csproj", "{AE104B2C-0186-4415-9421-E0CA2022CE76}"
EndProject
Project("{9A19103F-16F7-4668-BE54-9A1E7A4F7556}") = "FireMoth.Services.Tests", "FireMothServices.Tests\FireMoth.Services.Tests.csproj", "{EA0420BD-2965-4A9A-9A3F-CB5CD2122CB8}"
EndProject
Project("{2150E333-8FDC-42A3-9474-1A3956D46DE8}") = "Tests", "Tests", "{3C0CF8FC-0954-477C-A2E9-5C278EC1D005}"
EndProject
Project("{FAE04EC0-301F-11D3-BF4B-00C04F79EFBC}") = "FireMoth.Services.Tests.Integration", "FireMoth.Services.Tests.Integration\FireMoth.Services.Tests.Integration.csproj", "{EC25259F-A45A-42D4-8854-3C5106A44D9E}"
EndProject
Global
	GlobalSection(SolutionConfigurationPlatforms) = preSolution
		Debug|Any CPU = Debug|Any CPU
		Release|Any CPU = Release|Any CPU
	EndGlobalSection
	GlobalSection(ProjectConfigurationPlatforms) = postSolution
		{7CE462EF-B2A2-4D6D-9851-D20D73130CEB}.Debug|Any CPU.ActiveCfg = Debug|Any CPU
		{7CE462EF-B2A2-4D6D-9851-D20D73130CEB}.Debug|Any CPU.Build.0 = Debug|Any CPU
		{7CE462EF-B2A2-4D6D-9851-D20D73130CEB}.Release|Any CPU.ActiveCfg = Release|Any CPU
		{7CE462EF-B2A2-4D6D-9851-D20D73130CEB}.Release|Any CPU.Build.0 = Release|Any CPU
		{DCEF8C2F-B64A-4D46-8969-320A4E143A61}.Debug|Any CPU.ActiveCfg = Debug|Any CPU
		{DCEF8C2F-B64A-4D46-8969-320A4E143A61}.Debug|Any CPU.Build.0 = Debug|Any CPU
		{DCEF8C2F-B64A-4D46-8969-320A4E143A61}.Release|Any CPU.ActiveCfg = Release|Any CPU
		{DCEF8C2F-B64A-4D46-8969-320A4E143A61}.Release|Any CPU.Build.0 = Release|Any CPU
		{AE104B2C-0186-4415-9421-E0CA2022CE76}.Debug|Any CPU.ActiveCfg = Debug|Any CPU
		{AE104B2C-0186-4415-9421-E0CA2022CE76}.Debug|Any CPU.Build.0 = Debug|Any CPU
		{AE104B2C-0186-4415-9421-E0CA2022CE76}.Release|Any CPU.ActiveCfg = Release|Any CPU
		{AE104B2C-0186-4415-9421-E0CA2022CE76}.Release|Any CPU.Build.0 = Release|Any CPU
		{EA0420BD-2965-4A9A-9A3F-CB5CD2122CB8}.Debug|Any CPU.ActiveCfg = Debug|Any CPU
		{EA0420BD-2965-4A9A-9A3F-CB5CD2122CB8}.Debug|Any CPU.Build.0 = Debug|Any CPU
		{EA0420BD-2965-4A9A-9A3F-CB5CD2122CB8}.Release|Any CPU.ActiveCfg = Release|Any CPU
		{EA0420BD-2965-4A9A-9A3F-CB5CD2122CB8}.Release|Any CPU.Build.0 = Release|Any CPU
		{EC25259F-A45A-42D4-8854-3C5106A44D9E}.Debug|Any CPU.ActiveCfg = Debug|Any CPU
		{EC25259F-A45A-42D4-8854-3C5106A44D9E}.Debug|Any CPU.Build.0 = Debug|Any CPU
		{EC25259F-A45A-42D4-8854-3C5106A44D9E}.Release|Any CPU.ActiveCfg = Release|Any CPU
		{EC25259F-A45A-42D4-8854-3C5106A44D9E}.Release|Any CPU.Build.0 = Release|Any CPU
	EndGlobalSection
	GlobalSection(SolutionProperties) = preSolution
		HideSolutionNode = FALSE
	EndGlobalSection
	GlobalSection(NestedProjects) = preSolution
		{DCEF8C2F-B64A-4D46-8969-320A4E143A61} = {3C0CF8FC-0954-477C-A2E9-5C278EC1D005}
		{EA0420BD-2965-4A9A-9A3F-CB5CD2122CB8} = {3C0CF8FC-0954-477C-A2E9-5C278EC1D005}
		{EC25259F-A45A-42D4-8854-3C5106A44D9E} = {3C0CF8FC-0954-477C-A2E9-5C278EC1D005}
	EndGlobalSection
	GlobalSection(ExtensibilityGlobals) = postSolution
		SolutionGuid = {E8C143A4-3940-43DA-A0DE-B1C757892A8A}
	EndGlobalSection
EndGlobal
